
Microsoft Visual Studio Solution File, Format Version 12.00
# Visual Studio Version 16
VisualStudioVersion = 16.0.28803.352
MinimumVisualStudioVersion = 10.0.40219.1
Project("{9092AA53-FB77-4645-B42D-1CCCA6BD08BD}") = "pailingual-odata-filter", "pailingual-odata-filter.njsproj", "{5DE16CCF-3A83-4ECD-BC19-DA5195A92E33}"
EndProject
Global
	GlobalSection(SolutionConfigurationPlatforms) = preSolution
		Debug|Any CPU = Debug|Any CPU
		Release|Any CPU = Release|Any CPU
	EndGlobalSection
	GlobalSection(ProjectConfigurationPlatforms) = postSolution
		{5DE16CCF-3A83-4ECD-BC19-DA5195A92E33}.Debug|Any CPU.ActiveCfg = Debug|Any CPU
		{5DE16CCF-3A83-4ECD-BC19-DA5195A92E33}.Debug|Any CPU.Build.0 = Debug|Any CPU
		{5DE16CCF-3A83-4ECD-BC19-DA5195A92E33}.Release|Any CPU.ActiveCfg = Release|Any CPU
		{5DE16CCF-3A83-4ECD-BC19-DA5195A92E33}.Release|Any CPU.Build.0 = Release|Any CPU
	EndGlobalSection
	GlobalSection(SolutionProperties) = preSolution
		HideSolutionNode = FALSE
	EndGlobalSection
	GlobalSection(ExtensibilityGlobals) = postSolution
		SolutionGuid = {20484385-4AD5-4932-B97B-E9E1B5941002}
	EndGlobalSection
EndGlobal
